
Microsoft Visual Studio Solution File, Format Version 12.00
# Visual Studio Version 17
VisualStudioVersion = 17.9.34607.119
MinimumVisualStudioVersion = 10.0.40219.1
Project("{2150E333-8FDC-42A3-9474-1A3956D46DE8}") = "StoreManagement", "StoreManagement", "{66C323D7-57DC-4051-B9FC-D69731218A67}"
EndProject
Project("{2150E333-8FDC-42A3-9474-1A3956D46DE8}") = "Domain", "Domain", "{B3916216-1E9B-4D28-A9BA-1070C8397EB4}"
EndProject
Project("{9A19103F-16F7-4668-BE54-9A1E7A4F7556}") = "SM.Domain", "SM.Domain\SM.Domain.csproj", "{6D048DFB-27F2-4021-ADD1-B068CA846B8F}"
EndProject
Project("{2150E333-8FDC-42A3-9474-1A3956D46DE8}") = "Application", "Application", "{38439684-502A-4D1F-AC4C-EC1264B275A2}"
EndProject
Project("{9A19103F-16F7-4668-BE54-9A1E7A4F7556}") = "SM.Application.Contracts", "SM.Application.Contracts\SM.Application.Contracts.csproj", "{97B609B0-101C-489D-83A5-2C657C740542}"
EndProject
Project("{9A19103F-16F7-4668-BE54-9A1E7A4F7556}") = "SM.Application", "SM.Application\SM.Application.csproj", "{F4E79463-CBB2-4D34-8E6B-05F795BC80A5}"
EndProject
Project("{2150E333-8FDC-42A3-9474-1A3956D46DE8}") = "Infrastructure", "Infrastructure", "{4077EC3A-A7A8-498D-8EF6-128BC4971CD2}"
EndProject
Project("{9A19103F-16F7-4668-BE54-9A1E7A4F7556}") = "SM.Infrastructure.EFCore", "SM.Infrastructure.EFCore\SM.Infrastructure.EFCore.csproj", "{8EE6F404-E378-4DD3-B556-412015374F2D}"
EndProject
Project("{9A19103F-16F7-4668-BE54-9A1E7A4F7556}") = "SM.Configuration", "SM.Configuration\SM.Configuration.csproj", "{C72529C6-4501-4F4F-9D82-7F52171AC70A}"
EndProject
Project("{9A19103F-16F7-4668-BE54-9A1E7A4F7556}") = "ServiceHost", "ServiceHost\ServiceHost.csproj", "{A4367807-0F0D-4981-9781-E059BB49405A}"
EndProject
Project("{2150E333-8FDC-42A3-9474-1A3956D46DE8}") = "AccountManagement", "AccountManagement", "{D4356E83-BFE4-49E1-AA3C-3B4D483B1849}"
EndProject
Project("{2150E333-8FDC-42A3-9474-1A3956D46DE8}") = "Domain", "Domain", "{D408B964-CAAB-4FC5-82B6-B38C8C1931C7}"
EndProject
Project("{FAE04EC0-301F-11D3-BF4B-00C04F79EFBC}") = "AM.Domain", "AM,Domain\AM.Domain.csproj", "{E2AB6CF5-BE03-441C-A906-A15754E7BCF7}"
EndProject
Project("{2150E333-8FDC-42A3-9474-1A3956D46DE8}") = "Application", "Application", "{F7B131C3-8AFF-4849-AAC9-81C06562C829}"
EndProject
Project("{FAE04EC0-301F-11D3-BF4B-00C04F79EFBC}") = "AM.Application.Contracts", "AM.Application.Contracts\AM.Application.Contracts.csproj", "{FF01CE82-0ED7-4C0D-8036-75C81746C056}"
EndProject
Project("{FAE04EC0-301F-11D3-BF4B-00C04F79EFBC}") = "AM.Application", "AM.Application\AM.Application.csproj", "{B2D0C639-8ADA-4030-82CD-19282FCDC261}"
EndProject
Project("{2150E333-8FDC-42A3-9474-1A3956D46DE8}") = "Infrastructure", "Infrastructure", "{6EE47B93-94B3-4393-B474-73F07FDE8CE8}"
EndProject
Project("{FAE04EC0-301F-11D3-BF4B-00C04F79EFBC}") = "AM.Infrastructure.EFCore", "AM.Infrastructure.EFCore\AM.Infrastructure.EFCore.csproj", "{BE60078C-9425-4F21-9803-C72D31FF56E3}"
EndProject
Project("{FAE04EC0-301F-11D3-BF4B-00C04F79EFBC}") = "AM.Configuration", "AM.Configuration\AM.Configuration.csproj", "{44B6DBD7-74CB-44AA-9345-E533CD5C1F28}"
EndProject
Global
	GlobalSection(SolutionConfigurationPlatforms) = preSolution
		Debug|Any CPU = Debug|Any CPU
		Release|Any CPU = Release|Any CPU
	EndGlobalSection
	GlobalSection(ProjectConfigurationPlatforms) = postSolution
		{6D048DFB-27F2-4021-ADD1-B068CA846B8F}.Debug|Any CPU.ActiveCfg = Debug|Any CPU
		{6D048DFB-27F2-4021-ADD1-B068CA846B8F}.Debug|Any CPU.Build.0 = Debug|Any CPU
		{6D048DFB-27F2-4021-ADD1-B068CA846B8F}.Release|Any CPU.ActiveCfg = Release|Any CPU
		{6D048DFB-27F2-4021-ADD1-B068CA846B8F}.Release|Any CPU.Build.0 = Release|Any CPU
		{97B609B0-101C-489D-83A5-2C657C740542}.Debug|Any CPU.ActiveCfg = Debug|Any CPU
		{97B609B0-101C-489D-83A5-2C657C740542}.Debug|Any CPU.Build.0 = Debug|Any CPU
		{97B609B0-101C-489D-83A5-2C657C740542}.Release|Any CPU.ActiveCfg = Release|Any CPU
		{97B609B0-101C-489D-83A5-2C657C740542}.Release|Any CPU.Build.0 = Release|Any CPU
		{F4E79463-CBB2-4D34-8E6B-05F795BC80A5}.Debug|Any CPU.ActiveCfg = Debug|Any CPU
		{F4E79463-CBB2-4D34-8E6B-05F795BC80A5}.Debug|Any CPU.Build.0 = Debug|Any CPU
		{F4E79463-CBB2-4D34-8E6B-05F795BC80A5}.Release|Any CPU.ActiveCfg = Release|Any CPU
		{F4E79463-CBB2-4D34-8E6B-05F795BC80A5}.Release|Any CPU.Build.0 = Release|Any CPU
		{8EE6F404-E378-4DD3-B556-412015374F2D}.Debug|Any CPU.ActiveCfg = Debug|Any CPU
		{8EE6F404-E378-4DD3-B556-412015374F2D}.Debug|Any CPU.Build.0 = Debug|Any CPU
		{8EE6F404-E378-4DD3-B556-412015374F2D}.Release|Any CPU.ActiveCfg = Release|Any CPU
		{8EE6F404-E378-4DD3-B556-412015374F2D}.Release|Any CPU.Build.0 = Release|Any CPU
		{C72529C6-4501-4F4F-9D82-7F52171AC70A}.Debug|Any CPU.ActiveCfg = Debug|Any CPU
		{C72529C6-4501-4F4F-9D82-7F52171AC70A}.Debug|Any CPU.Build.0 = Debug|Any CPU
		{C72529C6-4501-4F4F-9D82-7F52171AC70A}.Release|Any CPU.ActiveCfg = Release|Any CPU
		{C72529C6-4501-4F4F-9D82-7F52171AC70A}.Release|Any CPU.Build.0 = Release|Any CPU
		{A4367807-0F0D-4981-9781-E059BB49405A}.Debug|Any CPU.ActiveCfg = Debug|Any CPU
		{A4367807-0F0D-4981-9781-E059BB49405A}.Debug|Any CPU.Build.0 = Debug|Any CPU
		{A4367807-0F0D-4981-9781-E059BB49405A}.Release|Any CPU.ActiveCfg = Release|Any CPU
		{A4367807-0F0D-4981-9781-E059BB49405A}.Release|Any CPU.Build.0 = Release|Any CPU
		{E2AB6CF5-BE03-441C-A906-A15754E7BCF7}.Debug|Any CPU.ActiveCfg = Debug|Any CPU
		{E2AB6CF5-BE03-441C-A906-A15754E7BCF7}.Debug|Any CPU.Build.0 = Debug|Any CPU
		{E2AB6CF5-BE03-441C-A906-A15754E7BCF7}.Release|Any CPU.ActiveCfg = Release|Any CPU
		{E2AB6CF5-BE03-441C-A906-A15754E7BCF7}.Release|Any CPU.Build.0 = Release|Any CPU
		{FF01CE82-0ED7-4C0D-8036-75C81746C056}.Debug|Any CPU.ActiveCfg = Debug|Any CPU
		{FF01CE82-0ED7-4C0D-8036-75C81746C056}.Debug|Any CPU.Build.0 = Debug|Any CPU
		{FF01CE82-0ED7-4C0D-8036-75C81746C056}.Release|Any CPU.ActiveCfg = Release|Any CPU
		{FF01CE82-0ED7-4C0D-8036-75C81746C056}.Release|Any CPU.Build.0 = Release|Any CPU
		{B2D0C639-8ADA-4030-82CD-19282FCDC261}.Debug|Any CPU.ActiveCfg = Debug|Any CPU
		{B2D0C639-8ADA-4030-82CD-19282FCDC261}.Debug|Any CPU.Build.0 = Debug|Any CPU
		{B2D0C639-8ADA-4030-82CD-19282FCDC261}.Release|Any CPU.ActiveCfg = Release|Any CPU
		{B2D0C639-8ADA-4030-82CD-19282FCDC261}.Release|Any CPU.Build.0 = Release|Any CPU
		{BE60078C-9425-4F21-9803-C72D31FF56E3}.Debug|Any CPU.ActiveCfg = Debug|Any CPU
		{BE60078C-9425-4F21-9803-C72D31FF56E3}.Debug|Any CPU.Build.0 = Debug|Any CPU
		{BE60078C-9425-4F21-9803-C72D31FF56E3}.Release|Any CPU.ActiveCfg = Release|Any CPU
		{BE60078C-9425-4F21-9803-C72D31FF56E3}.Release|Any CPU.Build.0 = Release|Any CPU
		{44B6DBD7-74CB-44AA-9345-E533CD5C1F28}.Debug|Any CPU.ActiveCfg = Debug|Any CPU
		{44B6DBD7-74CB-44AA-9345-E533CD5C1F28}.Debug|Any CPU.Build.0 = Debug|Any CPU
		{44B6DBD7-74CB-44AA-9345-E533CD5C1F28}.Release|Any CPU.ActiveCfg = Release|Any CPU
		{44B6DBD7-74CB-44AA-9345-E533CD5C1F28}.Release|Any CPU.Build.0 = Release|Any CPU
	EndGlobalSection
	GlobalSection(SolutionProperties) = preSolution
		HideSolutionNode = FALSE
	EndGlobalSection
	GlobalSection(NestedProjects) = preSolution
		{B3916216-1E9B-4D28-A9BA-1070C8397EB4} = {66C323D7-57DC-4051-B9FC-D69731218A67}
		{6D048DFB-27F2-4021-ADD1-B068CA846B8F} = {B3916216-1E9B-4D28-A9BA-1070C8397EB4}
		{38439684-502A-4D1F-AC4C-EC1264B275A2} = {66C323D7-57DC-4051-B9FC-D69731218A67}
		{97B609B0-101C-489D-83A5-2C657C740542} = {38439684-502A-4D1F-AC4C-EC1264B275A2}
		{F4E79463-CBB2-4D34-8E6B-05F795BC80A5} = {38439684-502A-4D1F-AC4C-EC1264B275A2}
		{4077EC3A-A7A8-498D-8EF6-128BC4971CD2} = {66C323D7-57DC-4051-B9FC-D69731218A67}
		{8EE6F404-E378-4DD3-B556-412015374F2D} = {4077EC3A-A7A8-498D-8EF6-128BC4971CD2}
		{C72529C6-4501-4F4F-9D82-7F52171AC70A} = {4077EC3A-A7A8-498D-8EF6-128BC4971CD2}
		{D408B964-CAAB-4FC5-82B6-B38C8C1931C7} = {D4356E83-BFE4-49E1-AA3C-3B4D483B1849}
		{E2AB6CF5-BE03-441C-A906-A15754E7BCF7} = {D408B964-CAAB-4FC5-82B6-B38C8C1931C7}
		{F7B131C3-8AFF-4849-AAC9-81C06562C829} = {D4356E83-BFE4-49E1-AA3C-3B4D483B1849}
		{FF01CE82-0ED7-4C0D-8036-75C81746C056} = {F7B131C3-8AFF-4849-AAC9-81C06562C829}
		{B2D0C639-8ADA-4030-82CD-19282FCDC261} = {F7B131C3-8AFF-4849-AAC9-81C06562C829}
		{6EE47B93-94B3-4393-B474-73F07FDE8CE8} = {D4356E83-BFE4-49E1-AA3C-3B4D483B1849}
		{BE60078C-9425-4F21-9803-C72D31FF56E3} = {6EE47B93-94B3-4393-B474-73F07FDE8CE8}
		{44B6DBD7-74CB-44AA-9345-E533CD5C1F28} = {6EE47B93-94B3-4393-B474-73F07FDE8CE8}
	EndGlobalSection
	GlobalSection(ExtensibilityGlobals) = postSolution
		SolutionGuid = {6A502ADC-3F90-402B-9B70-E2D224D8B735}
	EndGlobalSection
EndGlobal
